
Microsoft Visual Studio Solution File, Format Version 12.00
# Visual Studio Version 17
VisualStudioVersion = 17.6.33723.286
MinimumVisualStudioVersion = 10.0.40219.1
Project("{FAE04EC0-301F-11D3-BF4B-00C04F79EFBC}") = "inprocStartupFA", "inprocStartupFA.csproj", "{70FD80C3-C535-4419-B25F-93E9C81DF0BB}"
EndProject
Global
	GlobalSection(SolutionConfigurationPlatforms) = preSolution
		Debug|Any CPU = Debug|Any CPU
		Release|Any CPU = Release|Any CPU
	EndGlobalSection
	GlobalSection(ProjectConfigurationPlatforms) = postSolution
		{70FD80C3-C535-4419-B25F-93E9C81DF0BB}.Debug|Any CPU.ActiveCfg = Debug|Any CPU
		{70FD80C3-C535-4419-B25F-93E9C81DF0BB}.Debug|Any CPU.Build.0 = Debug|Any CPU
		{70FD80C3-C535-4419-B25F-93E9C81DF0BB}.Release|Any CPU.ActiveCfg = Release|Any CPU
		{70FD80C3-C535-4419-B25F-93E9C81DF0BB}.Release|Any CPU.Build.0 = Release|Any CPU
	EndGlobalSection
	GlobalSection(SolutionProperties) = preSolution
		HideSolutionNode = FALSE
	EndGlobalSection
	GlobalSection(ExtensibilityGlobals) = postSolution
		SolutionGuid = {2120A56B-D0BB-4BA8-B464-3E3B882936E1}
	EndGlobalSection
EndGlobal
